{
  "name": "system-design",
  "lockfileVersion": 3,
  "requires": true,
  "packages": {
    "": {
      "dependencies": {
        "priority-queue-typescript": "^1.0.1",
        "queue-typescript": "^1.0.1"
      }
    },
    "node_modules/linked-list-typescript": {
      "version": "1.0.15",
      "resolved": "https://registry.npmjs.org/linked-list-typescript/-/linked-list-typescript-1.0.15.tgz",
      "integrity": "sha512-RIyUu9lnJIyIaMe63O7/aFv/T2v3KsMFuXMBbUQCHX+cgtGro86ETDj5ed0a8gQL2+DFjzYYsgVG4I36/cUwgw==",
      "license": "MIT"
    },
    "node_modules/priority-queue-typescript": {
      "version": "1.0.1",
      "resolved": "https://registry.npmjs.org/priority-queue-typescript/-/priority-queue-typescript-1.0.1.tgz",
      "integrity": "sha512-Apycf6CgjdPRNfpZ8qgQeHVRe4B6R51QAd94k6fE13tGUpW1RLv8+ZeJipl2f0j/No3nt2Gk7dF2f+i1Au/I2w==",
      "license": "MIT"
    },
    "node_modules/queue-typescript": {
      "version": "1.0.1",
      "resolved": "https://registry.npmjs.org/queue-typescript/-/queue-typescript-1.0.1.tgz",
      "integrity": "sha512-tkK08uPfmpPl0cX1WRSU3EoNb/T5zSoZPGkkpfGX4E8QayWvEmLS2cI3pFngNPkNTCU5pCDQ1IwlzN0L5gdFPg==",
      "license": "MIT",
      "dependencies": {
        "linked-list-typescript": "^1.0.11"
      }
    }
  }
}
